{
  "name": "tmp",
  "version": "1.0.0",
  "lockfileVersion": 1,
  "requires": true,
  "dependencies": {
    "cephes": {
      "version": "1.2.0",
      "resolved": "https://registry.npmjs.org/cephes/-/cephes-1.2.0.tgz",
      "integrity": "sha512-twuUuJRrIrsELHz6foJtZlqrz6FC36zoHZJvvThsrM1UWPKxyoilw1Rka6Hk0AmPFKHKUoGwGfAtvNZNtNZu0g=="
    }
  }
}
